{
  "nodes": {
    "home-manager": {
      "inputs": {
        "nixpkgs": [
          "nixpkgs"
        ]
      },
      "locked": {
        "lastModified": 1681746824,
        "narHash": "sha256-TRe6SAYqTEyWmHwg5gpAj3arebje/OVi7z9yLqZRYqg=",
        "owner": "nix-community",
        "repo": "home-manager",
        "rev": "ae79840bc756e97f9750fc70448ae0efc1b8dcc3",
        "type": "github"
      },
      "original": {
        "owner": "nix-community",
        "repo": "home-manager",
        "type": "github"
      }
    },
    "neovim-flake": {
      "inputs": {
        "nixpkgs": [
          "nixpkgs"
        ],
        "nixpkgs_unstable": "nixpkgs_unstable"
      },
      "locked": {
        "lastModified": 1681757876,
        "narHash": "sha256-d6LARdwfMoelWW1o0SWzpk4e+z/cogKuPDTS00aKm80=",
        "owner": "roosoft",
        "repo": "neovim-flake",
        "rev": "d037d67484c88aba7f8bba58b50a6835f655fcff",
        "type": "github"
      },
      "original": {
        "owner": "roosoft",
        "repo": "neovim-flake",
        "type": "github"
      }
    },
    "nixpkgs": {
      "locked": {
        "lastModified": 1681696129,
        "narHash": "sha256-Ba2y1lmsWmmAOAoTD5G9UnTS/UqV0ZFyzysgdfu7qag=",
        "owner": "nixos",
        "repo": "nixpkgs",
        "rev": "de66115c552acc4e0c0f92c5a5efb32e37dfa216",
        "type": "github"
      },
      "original": {
        "owner": "nixos",
        "ref": "nixos-22.11",
        "repo": "nixpkgs",
        "type": "github"
      }
    },
    "nixpkgs_unstable": {
      "locked": {
        "lastModified": 1681648924,
        "narHash": "sha256-pzi3HISK8+7mpEtv08Yr80wswyHKsz+RP1CROG1Qf6s=",
        "owner": "NixOS",
        "repo": "nixpkgs",
        "rev": "f294325aed382b66c7a188482101b0f336d1d7db",
        "type": "github"
      },
      "original": {
        "owner": "NixOS",
        "ref": "nixos-unstable",
        "repo": "nixpkgs",
        "type": "github"
      }
    },
    "nixpkgs_unstable_2": {
      "locked": {
        "lastModified": 1681648924,
        "narHash": "sha256-pzi3HISK8+7mpEtv08Yr80wswyHKsz+RP1CROG1Qf6s=",
        "owner": "NixOS",
        "repo": "nixpkgs",
        "rev": "f294325aed382b66c7a188482101b0f336d1d7db",
        "type": "github"
      },
      "original": {
        "owner": "NixOS",
        "ref": "nixos-unstable",
        "repo": "nixpkgs",
        "type": "github"
      }
    },
    "root": {
      "inputs": {
        "home-manager": "home-manager",
        "neovim-flake": "neovim-flake",
        "nixpkgs": "nixpkgs",
        "nixpkgs_unstable": "nixpkgs_unstable_2"
      }
    }
  },
  "root": "root",
  "version": 7
}
